
Microsoft Visual Studio Solution File, Format Version 12.00
# Visual Studio Version 16
VisualStudioVersion = 16.0.31911.196
MinimumVisualStudioVersion = 10.0.40219.1
Project("{9A19103F-16F7-4668-BE54-9A1E7A4F7556}") = "LineOfSightFix", "Source\LineOfSightFix.csproj", "{A9ECE402-5DA4-41B1-B8F4-72856986CFF6}"
EndProject
Global
	GlobalSection(SolutionConfigurationPlatforms) = preSolution
		Debug|Any CPU = Debug|Any CPU
		Release|Any CPU = Release|Any CPU
	EndGlobalSection
	GlobalSection(ProjectConfigurationPlatforms) = postSolution
		{A9ECE402-5DA4-41B1-B8F4-72856986CFF6}.Debug|Any CPU.ActiveCfg = Debug|Any CPU
		{A9ECE402-5DA4-41B1-B8F4-72856986CFF6}.Debug|Any CPU.Build.0 = Debug|Any CPU
		{A9ECE402-5DA4-41B1-B8F4-72856986CFF6}.Release|Any CPU.ActiveCfg = Release|Any CPU
		{A9ECE402-5DA4-41B1-B8F4-72856986CFF6}.Release|Any CPU.Build.0 = Release|Any CPU
	EndGlobalSection
	GlobalSection(SolutionProperties) = preSolution
		HideSolutionNode = FALSE
	EndGlobalSection
	GlobalSection(ExtensibilityGlobals) = postSolution
		SolutionGuid = {DE77ABB9-D3AD-4CA9-AE84-B201FE35552A}
	EndGlobalSection
EndGlobal
